{
  "name": "ens-rent-contracts",
  "lockfileVersion": 3,
  "requires": true,
  "packages": {
    "": {
      "dependencies": {
        "@openzeppelin/contracts": "^5.1.0"
      },
      "devDependencies": {
        "forge-std": "github:foundry-rs/forge-std#v1.9.4"
      }
    },
    "node_modules/@openzeppelin/contracts": {
      "version": "5.1.0",
      "resolved": "https://registry.npmjs.org/@openzeppelin/contracts/-/contracts-5.1.0.tgz",
      "integrity": "sha512-p1ULhl7BXzjjbha5aqst+QMLY+4/LCWADXOCsmLHRM77AqiPjnd9vvUN9sosUfhL9JGKpZ0TjEGxgvnizmWGSA==",
      "license": "MIT"
    },
    "node_modules/forge-std": {
      "version": "1.9.4",
      "resolved": "git+ssh://git@github.com/foundry-rs/forge-std.git#1eea5bae12ae557d589f9f0f0edae2faa47cb262",
      "dev": true,
      "license": "(Apache-2.0 OR MIT)"
    }
  }
}
